<Solution>
  <Project Path="Conecta4/Conecta4.csproj" Id="2dc9eba3-5643-4b66-b2bd-911e4f138156" />
  <Project Path="MenuContextuales/MenuContextuales.csproj" />
  <Project Path="Temperaturas/Temperaturas.csproj" Id="5fa7b5d2-0228-4e3b-84f6-70ea70f5f6e0" />
  <Project Path="Votos/Votos.csproj" Id="ca2e17ab-2c28-4c1a-aa43-846a1be880c8" />
</Solution>
